
Microsoft Visual Studio Solution File, Format Version 12.00
# Visual Studio Version 16
VisualStudioVersion = 16.0.29911.84
MinimumVisualStudioVersion = 10.0.40219.1
Project("{FAE04EC0-301F-11D3-BF4B-00C04F79EFBC}") = "CMSE406_OutlineSystem", "CMSE406_OutlineSystem\CMSE406_OutlineSystem.csproj", "{E99633AF-69F3-40FE-BADF-454CCA46B915}"
EndProject
Global
	GlobalSection(SolutionConfigurationPlatforms) = preSolution
		Debug|Any CPU = Debug|Any CPU
		Release|Any CPU = Release|Any CPU
	EndGlobalSection
	GlobalSection(ProjectConfigurationPlatforms) = postSolution
		{E99633AF-69F3-40FE-BADF-454CCA46B915}.Debug|Any CPU.ActiveCfg = Debug|Any CPU
		{E99633AF-69F3-40FE-BADF-454CCA46B915}.Debug|Any CPU.Build.0 = Debug|Any CPU
		{E99633AF-69F3-40FE-BADF-454CCA46B915}.Release|Any CPU.ActiveCfg = Release|Any CPU
		{E99633AF-69F3-40FE-BADF-454CCA46B915}.Release|Any CPU.Build.0 = Release|Any CPU
	EndGlobalSection
	GlobalSection(SolutionProperties) = preSolution
		HideSolutionNode = FALSE
	EndGlobalSection
	GlobalSection(ExtensibilityGlobals) = postSolution
		SolutionGuid = {BE57C61F-CA8B-4565-9383-6554DF1C0429}
	EndGlobalSection
EndGlobal
